
Microsoft Visual Studio Solution File, Format Version 12.00
# Visual Studio Version 16
VisualStudioVersion = 16.0.30204.135
MinimumVisualStudioVersion = 10.0.40219.1
Project("{8BC9CEB8-8B4A-11D0-8D11-00A0C91BC942}") = "QuadGenerator", "QuadGenerator\QuadGenerator.vcxproj", "{CB464658-9FDB-4A10-9E48-3956A44CE7DE}"
EndProject
Project("{8BC9CEB8-8B4A-11D0-8D11-00A0C91BC942}") = "FbxImporter", "FbxImporter\FbxImporter.vcxproj", "{05A1927F-0708-40C8-B9DB-0396CA1ED6CD}"
EndProject
Project("{8BC9CEB8-8B4A-11D0-8D11-00A0C91BC942}") = "ModelViewer", "ModelViewer\Game.vcxproj", "{6ADF519A-8007-409F-A76B-3F4E657ADEFD}"
EndProject
Global
	GlobalSection(SolutionConfigurationPlatforms) = preSolution
		Debug|x64 = Debug|x64
		Debug|x86 = Debug|x86
		Release|x64 = Release|x64
		Release|x86 = Release|x86
	EndGlobalSection
	GlobalSection(ProjectConfigurationPlatforms) = postSolution
		{CB464658-9FDB-4A10-9E48-3956A44CE7DE}.Debug|x64.ActiveCfg = Debug|x64
		{CB464658-9FDB-4A10-9E48-3956A44CE7DE}.Debug|x64.Build.0 = Debug|x64
		{CB464658-9FDB-4A10-9E48-3956A44CE7DE}.Debug|x86.ActiveCfg = Debug|Win32
		{CB464658-9FDB-4A10-9E48-3956A44CE7DE}.Debug|x86.Build.0 = Debug|Win32
		{CB464658-9FDB-4A10-9E48-3956A44CE7DE}.Release|x64.ActiveCfg = Release|x64
		{CB464658-9FDB-4A10-9E48-3956A44CE7DE}.Release|x64.Build.0 = Release|x64
		{CB464658-9FDB-4A10-9E48-3956A44CE7DE}.Release|x86.ActiveCfg = Release|Win32
		{CB464658-9FDB-4A10-9E48-3956A44CE7DE}.Release|x86.Build.0 = Release|Win32
		{05A1927F-0708-40C8-B9DB-0396CA1ED6CD}.Debug|x64.ActiveCfg = Debug|x64
		{05A1927F-0708-40C8-B9DB-0396CA1ED6CD}.Debug|x64.Build.0 = Debug|x64
		{05A1927F-0708-40C8-B9DB-0396CA1ED6CD}.Debug|x86.ActiveCfg = Debug|Win32
		{05A1927F-0708-40C8-B9DB-0396CA1ED6CD}.Debug|x86.Build.0 = Debug|Win32
		{05A1927F-0708-40C8-B9DB-0396CA1ED6CD}.Release|x64.ActiveCfg = Release|x64
		{05A1927F-0708-40C8-B9DB-0396CA1ED6CD}.Release|x64.Build.0 = Release|x64
		{05A1927F-0708-40C8-B9DB-0396CA1ED6CD}.Release|x86.ActiveCfg = Release|Win32
		{05A1927F-0708-40C8-B9DB-0396CA1ED6CD}.Release|x86.Build.0 = Release|Win32
		{6ADF519A-8007-409F-A76B-3F4E657ADEFD}.Debug|x64.ActiveCfg = Debug|x64
		{6ADF519A-8007-409F-A76B-3F4E657ADEFD}.Debug|x64.Build.0 = Debug|x64
		{6ADF519A-8007-409F-A76B-3F4E657ADEFD}.Debug|x86.ActiveCfg = Debug|Win32
		{6ADF519A-8007-409F-A76B-3F4E657ADEFD}.Debug|x86.Build.0 = Debug|Win32
		{6ADF519A-8007-409F-A76B-3F4E657ADEFD}.Release|x64.ActiveCfg = Release|x64
		{6ADF519A-8007-409F-A76B-3F4E657ADEFD}.Release|x64.Build.0 = Release|x64
		{6ADF519A-8007-409F-A76B-3F4E657ADEFD}.Release|x86.ActiveCfg = Release|Win32
		{6ADF519A-8007-409F-A76B-3F4E657ADEFD}.Release|x86.Build.0 = Release|Win32
	EndGlobalSection
	GlobalSection(SolutionProperties) = preSolution
		HideSolutionNode = FALSE
	EndGlobalSection
	GlobalSection(ExtensibilityGlobals) = postSolution
		SolutionGuid = {A15F19D7-26CC-4E15-9BC8-B80C7550A1F6}
	EndGlobalSection
EndGlobal
